
Microsoft Visual Studio Solution File, Format Version 12.00
# Visual Studio Version 16
VisualStudioVersion = 16.0.30002.166
MinimumVisualStudioVersion = 10.0.40219.1
Project("{FAE04EC0-301F-11D3-BF4B-00C04F79EFBC}") = "form-behavior", "form-behavior\form-behavior.csproj", "{5B516122-7586-4162-9B2A-473271CAE6D4}"
EndProject
Global
	GlobalSection(SolutionConfigurationPlatforms) = preSolution
		Debug|Any CPU = Debug|Any CPU
		Release|Any CPU = Release|Any CPU
	EndGlobalSection
	GlobalSection(ProjectConfigurationPlatforms) = postSolution
		{5B516122-7586-4162-9B2A-473271CAE6D4}.Debug|Any CPU.ActiveCfg = Debug|Any CPU
		{5B516122-7586-4162-9B2A-473271CAE6D4}.Debug|Any CPU.Build.0 = Debug|Any CPU
		{5B516122-7586-4162-9B2A-473271CAE6D4}.Release|Any CPU.ActiveCfg = Release|Any CPU
		{5B516122-7586-4162-9B2A-473271CAE6D4}.Release|Any CPU.Build.0 = Release|Any CPU
	EndGlobalSection
	GlobalSection(SolutionProperties) = preSolution
		HideSolutionNode = FALSE
	EndGlobalSection
	GlobalSection(ExtensibilityGlobals) = postSolution
		SolutionGuid = {4F6BAC49-DDCE-4B3A-A7D5-2D0BC79B05AF}
	EndGlobalSection
EndGlobal
